
Microsoft Visual Studio Solution File, Format Version 12.00
# Visual Studio Version 16
VisualStudioVersion = 25.0.1706.11
MinimumVisualStudioVersion = 10.0.40219.1
Project("{2150E333-8FDC-42A3-9474-1A3956D46DE8}") = "Movies", "Movies", "{639AA57B-BA07-456A-915B-05F6FBCCCE4E}"
EndProject
Project("{FAE04EC0-301F-11D3-BF4B-00C04F79EFBC}") = "Movies", "Movies\Movies\Movies.csproj", "{01DF2856-9A8E-4E70-B785-87ACE1AB63A5}"
EndProject
Global
	GlobalSection(SolutionConfigurationPlatforms) = preSolution
		Debug|Any CPU = Debug|Any CPU
		Release|Any CPU = Release|Any CPU
	EndGlobalSection
	GlobalSection(ProjectConfigurationPlatforms) = postSolution
		{01DF2856-9A8E-4E70-B785-87ACE1AB63A5}.Debug|Any CPU.ActiveCfg = Debug|Any CPU
		{01DF2856-9A8E-4E70-B785-87ACE1AB63A5}.Debug|Any CPU.Build.0 = Debug|Any CPU
		{01DF2856-9A8E-4E70-B785-87ACE1AB63A5}.Release|Any CPU.ActiveCfg = Release|Any CPU
		{01DF2856-9A8E-4E70-B785-87ACE1AB63A5}.Release|Any CPU.Build.0 = Release|Any CPU
	EndGlobalSection
	GlobalSection(SolutionProperties) = preSolution
		HideSolutionNode = FALSE
	EndGlobalSection
	GlobalSection(ExtensibilityGlobals) = postSolution
		SolutionGuid = {A7A8DB1E-3CEC-4AEC-B4CD-5783580916E7}
	EndGlobalSection
	GlobalSection(NestedProjects) = preSolution
		{01DF2856-9A8E-4E70-B785-87ACE1AB63A5} = {639AA57B-BA07-456A-915B-05F6FBCCCE4E}
	EndGlobalSection
EndGlobal
